
Microsoft Visual Studio Solution File, Format Version 12.00
Project("{FAE04EC0-301F-11D3-BF4B-00C04F79EFBC}") = "CW2", "CW2\CW2.csproj", "{7B0CE316-B0B1-4E50-A87F-B3ABFC8EF022}"
EndProject
Project("{FAE04EC0-301F-11D3-BF4B-00C04F79EFBC}") = "CW3", "CW3\CW3.csproj", "{C4774A3E-9E92-4168-9003-6A645FC1A970}"
EndProject
Project("{FAE04EC0-301F-11D3-BF4B-00C04F79EFBC}") = "CW4", "CW4\CW4.csproj", "{5F6C46E7-2DB2-4802-A045-36C663E79FAE}"
EndProject
Global
	GlobalSection(SolutionConfigurationPlatforms) = preSolution
		Debug|Any CPU = Debug|Any CPU
		Release|Any CPU = Release|Any CPU
	EndGlobalSection
	GlobalSection(ProjectConfigurationPlatforms) = postSolution
		{7B0CE316-B0B1-4E50-A87F-B3ABFC8EF022}.Debug|Any CPU.ActiveCfg = Debug|Any CPU
		{7B0CE316-B0B1-4E50-A87F-B3ABFC8EF022}.Debug|Any CPU.Build.0 = Debug|Any CPU
		{7B0CE316-B0B1-4E50-A87F-B3ABFC8EF022}.Release|Any CPU.ActiveCfg = Release|Any CPU
		{7B0CE316-B0B1-4E50-A87F-B3ABFC8EF022}.Release|Any CPU.Build.0 = Release|Any CPU
		{C4774A3E-9E92-4168-9003-6A645FC1A970}.Debug|Any CPU.ActiveCfg = Debug|Any CPU
		{C4774A3E-9E92-4168-9003-6A645FC1A970}.Debug|Any CPU.Build.0 = Debug|Any CPU
		{C4774A3E-9E92-4168-9003-6A645FC1A970}.Release|Any CPU.ActiveCfg = Release|Any CPU
		{C4774A3E-9E92-4168-9003-6A645FC1A970}.Release|Any CPU.Build.0 = Release|Any CPU
		{5F6C46E7-2DB2-4802-A045-36C663E79FAE}.Debug|Any CPU.ActiveCfg = Debug|Any CPU
		{5F6C46E7-2DB2-4802-A045-36C663E79FAE}.Debug|Any CPU.Build.0 = Debug|Any CPU
		{5F6C46E7-2DB2-4802-A045-36C663E79FAE}.Release|Any CPU.ActiveCfg = Release|Any CPU
		{5F6C46E7-2DB2-4802-A045-36C663E79FAE}.Release|Any CPU.Build.0 = Release|Any CPU
	EndGlobalSection
EndGlobal
